// !$*UTF8*$!
{
	archiveVersion = 1;
	classes = {
	};
	objectVersion = 46;
	objects = {

/* Begin PBXGroup section */
		37E3BB3A1DF1815B00878727 = {
			isa = PBXGroup;
			children = (
			);
			sourceTree = "<group>";
		};
/* End PBXGroup section */

/* Begin PBXProject section */
		37E3BB3B1DF1815B00878727 /* Project object */ = {
			isa = PBXProject;
			attributes = {
				LastUpgradeCheck = 0810;
			};
			buildConfigurationList = 37E3BB3E1DF1815B00878727 /* Build configuration list for PBXProject "MarkupKit-tvOS" */;
			compatibilityVersion = "Xcode 3.2";
			developmentRegion = English;
			hasScannedForEncodings = 0;
			knownRegions = (
				en,
			);
			mainGroup = 37E3BB3A1DF1815B00878727;
			projectDirPath = "";
			projectRoot = "";
			targets = (
			);
		};
/* End PBXProject section */

/* Begin XCBuildConfiguration section */
		37E3BB3F1DF1815B00878727 /* Debug */ = {
			isa = XCBuildConfiguration;
			buildSettings = {
			};
			name = Debug;
		};
		37E3BB401DF1815B00878727 /* Release */ = {
			isa = XCBuildConfiguration;
			buildSettings = {
			};
			name = Release;
		};
/* End XCBuildConfiguration section */

/* Begin XCConfigurationList section */
		37E3BB3E1DF1815B00878727 /* Build configuration list for PBXProject "MarkupKit-tvOS" */ = {
			isa = XCConfigurationList;
			buildConfigurations = (
				37E3BB3F1DF1815B00878727 /* Debug */,
				37E3BB401DF1815B00878727 /* Release */,
			);
			defaultConfigurationIsVisible = 0;
			defaultConfigurationName = Release;
		};
/* End XCConfigurationList section */
	};
	rootObject = 37E3BB3B1DF1815B00878727 /* Project object */;
}
